
Microsoft Visual Studio Solution File, Format Version 12.00
# Visual Studio Version 16
VisualStudioVersion = 16.0.31205.134
MinimumVisualStudioVersion = 10.0.40219.1
Project("{FAE04EC0-301F-11D3-BF4B-00C04F79EFBC}") = "TestProject", "TestProject\TestProject.csproj", "{B4CB87B9-CA47-4E54-BC38-F1EF310B4D23}"
EndProject
Global
	GlobalSection(SolutionConfigurationPlatforms) = preSolution
		Debug|Any CPU = Debug|Any CPU
		Release|Any CPU = Release|Any CPU
	EndGlobalSection
	GlobalSection(ProjectConfigurationPlatforms) = postSolution
		{B4CB87B9-CA47-4E54-BC38-F1EF310B4D23}.Debug|Any CPU.ActiveCfg = Debug|Any CPU
		{B4CB87B9-CA47-4E54-BC38-F1EF310B4D23}.Debug|Any CPU.Build.0 = Debug|Any CPU
		{B4CB87B9-CA47-4E54-BC38-F1EF310B4D23}.Release|Any CPU.ActiveCfg = Release|Any CPU
		{B4CB87B9-CA47-4E54-BC38-F1EF310B4D23}.Release|Any CPU.Build.0 = Release|Any CPU
	EndGlobalSection
	GlobalSection(SolutionProperties) = preSolution
		HideSolutionNode = FALSE
	EndGlobalSection
	GlobalSection(ExtensibilityGlobals) = postSolution
		SolutionGuid = {AC2EAC1F-66FC-44DE-9D27-DEA1268813F8}
	EndGlobalSection
EndGlobal
